
Microsoft Visual Studio Solution File, Format Version 12.00
# Visual Studio Version 17
VisualStudioVersion = 17.3.32901.215
MinimumVisualStudioVersion = 10.0.40219.1
Project("{FAE04EC0-301F-11D3-BF4B-00C04F79EFBC}") = "WindowsFormPleaseWait", "WindowsFormPleaseWait\WindowsFormPleaseWait.csproj", "{12D26FA9-3FF2-4211-A938-6A35E3A44667}"
EndProject
Global
	GlobalSection(SolutionConfigurationPlatforms) = preSolution
		Debug|Any CPU = Debug|Any CPU
		Release|Any CPU = Release|Any CPU
	EndGlobalSection
	GlobalSection(ProjectConfigurationPlatforms) = postSolution
		{12D26FA9-3FF2-4211-A938-6A35E3A44667}.Debug|Any CPU.ActiveCfg = Debug|Any CPU
		{12D26FA9-3FF2-4211-A938-6A35E3A44667}.Debug|Any CPU.Build.0 = Debug|Any CPU
		{12D26FA9-3FF2-4211-A938-6A35E3A44667}.Release|Any CPU.ActiveCfg = Release|Any CPU
		{12D26FA9-3FF2-4211-A938-6A35E3A44667}.Release|Any CPU.Build.0 = Release|Any CPU
	EndGlobalSection
	GlobalSection(SolutionProperties) = preSolution
		HideSolutionNode = FALSE
	EndGlobalSection
	GlobalSection(ExtensibilityGlobals) = postSolution
		SolutionGuid = {A65087EA-58C0-4E70-839F-35EB063D28E0}
	EndGlobalSection
EndGlobal
